# This file is automatically @generated by Cargo.
# It is not intended for manual editing.
version = 4

[[package]]
name = "skyroads-audio-ref"
version = "0.1.0"
dependencies = [
 "skyroads-core",
 "skyroads-data",
]

[[package]]
name = "skyroads-cli"
version = "0.1.0"
dependencies = [
 "skyroads-core",
 "skyroads-data",
 "skyroads-renderer-ref",
]

[[package]]
name = "skyroads-core"
version = "0.1.0"
dependencies = [
 "skyroads-data",
]

[[package]]
name = "skyroads-data"
version = "0.1.0"

[[package]]
name = "skyroads-renderer-ref"
version = "0.1.0"
dependencies = [
 "skyroads-core",
 "skyroads-data",
]

[[package]]
name = "skyroads-sdl"
version = "0.1.0"
dependencies = [
 "skyroads-audio-ref",
 "skyroads-core",
 "skyroads-data",
 "skyroads-renderer-ref",
]
